
Microsoft Visual Studio Solution File, Format Version 12.00
# Visual Studio Version 17
VisualStudioVersion = 17.5.002.0
MinimumVisualStudioVersion = 10.0.40219.1
Project("{9A19103F-16F7-4668-BE54-9A1E7A4F7556}") = "task01", "task01\task01.csproj", "{2016DA94-4B06-4091-809B-CA3A497C08D4}"
EndProject
Project("{9A19103F-16F7-4668-BE54-9A1E7A4F7556}") = "task02", "task02\task02.csproj", "{31767CD7-990B-46A5-AD91-F59E6E9557EA}"
EndProject
Project("{9A19103F-16F7-4668-BE54-9A1E7A4F7556}") = "task03", "task03\task03.csproj", "{67FBE9B7-36CA-4AEA-B6A2-7EB4D59A20FC}"
EndProject
Project("{9A19103F-16F7-4668-BE54-9A1E7A4F7556}") = "task04", "task04\task04.csproj", "{01FC1D5B-B294-45CF-AA0C-1CE4004DD187}"
EndProject
Project("{9A19103F-16F7-4668-BE54-9A1E7A4F7556}") = "task05", "task05\task05.csproj", "{A255730B-B123-4592-A1E0-8B582F1B9CD5}"
EndProject
Project("{9A19103F-16F7-4668-BE54-9A1E7A4F7556}") = "task06", "task06\task06.csproj", "{525B7976-F1AE-4D77-8F92-F6A94FE6EADE}"
EndProject
Project("{9A19103F-16F7-4668-BE54-9A1E7A4F7556}") = "task07", "task07\task07.csproj", "{1BB9BFB5-D89D-42D7-961F-C7146D16FB9F}"
EndProject
Project("{9A19103F-16F7-4668-BE54-9A1E7A4F7556}") = "task08", "task08\task08.csproj", "{9A134753-E843-46C6-98C9-810199BE6E42}"
EndProject
Project("{9A19103F-16F7-4668-BE54-9A1E7A4F7556}") = "task10", "task10\task10.csproj", "{4CD4DD21-0848-412A-9C72-D5FCFA7EF209}"
EndProject
Project("{9A19103F-16F7-4668-BE54-9A1E7A4F7556}") = "task13", "task13\task13.csproj", "{053A62B1-5F29-4A83-80FD-968FD3A66588}"
EndProject
Project("{9A19103F-16F7-4668-BE54-9A1E7A4F7556}") = "task15", "task15\task15.csproj", "{F080F989-1A0A-4235-BFA7-434942ECBCED}"
EndProject
Project("{9A19103F-16F7-4668-BE54-9A1E7A4F7556}") = "task17", "task17\task17.csproj", "{50CE149A-C449-4023-9810-AF367D57E094}"
EndProject
Project("{9A19103F-16F7-4668-BE54-9A1E7A4F7556}") = "task18", "task18\task18.csproj", "{40674A2E-3DC5-4B68-87EC-C5E558BD4B1B}"
EndProject
Project("{9A19103F-16F7-4668-BE54-9A1E7A4F7556}") = "task19", "task19\task19.csproj", "{4D990C4D-A8E3-4D42-8F0A-684701E776E3}"
EndProject
Project("{9A19103F-16F7-4668-BE54-9A1E7A4F7556}") = "task20", "task20\task20.csproj", "{80170A1E-FB29-44D2-A982-20F7BEB1E080}"
EndProject
Project("{9A19103F-16F7-4668-BE54-9A1E7A4F7556}") = "task21", "task21\task21.csproj", "{920449ED-6AC2-4B46-88D1-55807215C28B}"
EndProject
Project("{9A19103F-16F7-4668-BE54-9A1E7A4F7556}") = "task22", "task22\task22.csproj", "{858D6CC9-FF06-4A88-ADBA-4CDEE36394F1}"
EndProject
Project("{9A19103F-16F7-4668-BE54-9A1E7A4F7556}") = "task23", "task23\task23.csproj", "{433FFCEC-42BA-4D58-96E9-85EC985178D9}"
EndProject
Global
	GlobalSection(SolutionConfigurationPlatforms) = preSolution
		Debug|Any CPU = Debug|Any CPU
		Release|Any CPU = Release|Any CPU
	EndGlobalSection
	GlobalSection(ProjectConfigurationPlatforms) = postSolution
		{2016DA94-4B06-4091-809B-CA3A497C08D4}.Debug|Any CPU.ActiveCfg = Debug|Any CPU
		{2016DA94-4B06-4091-809B-CA3A497C08D4}.Debug|Any CPU.Build.0 = Debug|Any CPU
		{2016DA94-4B06-4091-809B-CA3A497C08D4}.Release|Any CPU.ActiveCfg = Release|Any CPU
		{2016DA94-4B06-4091-809B-CA3A497C08D4}.Release|Any CPU.Build.0 = Release|Any CPU
		{31767CD7-990B-46A5-AD91-F59E6E9557EA}.Debug|Any CPU.ActiveCfg = Debug|Any CPU
		{31767CD7-990B-46A5-AD91-F59E6E9557EA}.Debug|Any CPU.Build.0 = Debug|Any CPU
		{31767CD7-990B-46A5-AD91-F59E6E9557EA}.Release|Any CPU.ActiveCfg = Release|Any CPU
		{31767CD7-990B-46A5-AD91-F59E6E9557EA}.Release|Any CPU.Build.0 = Release|Any CPU
		{67FBE9B7-36CA-4AEA-B6A2-7EB4D59A20FC}.Debug|Any CPU.ActiveCfg = Debug|Any CPU
		{67FBE9B7-36CA-4AEA-B6A2-7EB4D59A20FC}.Debug|Any CPU.Build.0 = Debug|Any CPU
		{67FBE9B7-36CA-4AEA-B6A2-7EB4D59A20FC}.Release|Any CPU.ActiveCfg = Release|Any CPU
		{67FBE9B7-36CA-4AEA-B6A2-7EB4D59A20FC}.Release|Any CPU.Build.0 = Release|Any CPU
		{01FC1D5B-B294-45CF-AA0C-1CE4004DD187}.Debug|Any CPU.ActiveCfg = Debug|Any CPU
		{01FC1D5B-B294-45CF-AA0C-1CE4004DD187}.Debug|Any CPU.Build.0 = Debug|Any CPU
		{01FC1D5B-B294-45CF-AA0C-1CE4004DD187}.Release|Any CPU.ActiveCfg = Release|Any CPU
		{01FC1D5B-B294-45CF-AA0C-1CE4004DD187}.Release|Any CPU.Build.0 = Release|Any CPU
		{A255730B-B123-4592-A1E0-8B582F1B9CD5}.Debug|Any CPU.ActiveCfg = Debug|Any CPU
		{A255730B-B123-4592-A1E0-8B582F1B9CD5}.Debug|Any CPU.Build.0 = Debug|Any CPU
		{A255730B-B123-4592-A1E0-8B582F1B9CD5}.Release|Any CPU.ActiveCfg = Release|Any CPU
		{A255730B-B123-4592-A1E0-8B582F1B9CD5}.Release|Any CPU.Build.0 = Release|Any CPU
		{525B7976-F1AE-4D77-8F92-F6A94FE6EADE}.Debug|Any CPU.ActiveCfg = Debug|Any CPU
		{525B7976-F1AE-4D77-8F92-F6A94FE6EADE}.Debug|Any CPU.Build.0 = Debug|Any CPU
		{525B7976-F1AE-4D77-8F92-F6A94FE6EADE}.Release|Any CPU.ActiveCfg = Release|Any CPU
		{525B7976-F1AE-4D77-8F92-F6A94FE6EADE}.Release|Any CPU.Build.0 = Release|Any CPU
		{1BB9BFB5-D89D-42D7-961F-C7146D16FB9F}.Debug|Any CPU.ActiveCfg = Debug|Any CPU
		{1BB9BFB5-D89D-42D7-961F-C7146D16FB9F}.Debug|Any CPU.Build.0 = Debug|Any CPU
		{1BB9BFB5-D89D-42D7-961F-C7146D16FB9F}.Release|Any CPU.ActiveCfg = Release|Any CPU
		{1BB9BFB5-D89D-42D7-961F-C7146D16FB9F}.Release|Any CPU.Build.0 = Release|Any CPU
		{9A134753-E843-46C6-98C9-810199BE6E42}.Debug|Any CPU.ActiveCfg = Debug|Any CPU
		{9A134753-E843-46C6-98C9-810199BE6E42}.Debug|Any CPU.Build.0 = Debug|Any CPU
		{9A134753-E843-46C6-98C9-810199BE6E42}.Release|Any CPU.ActiveCfg = Release|Any CPU
		{9A134753-E843-46C6-98C9-810199BE6E42}.Release|Any CPU.Build.0 = Release|Any CPU
		{4CD4DD21-0848-412A-9C72-D5FCFA7EF209}.Debug|Any CPU.ActiveCfg = Debug|Any CPU
		{4CD4DD21-0848-412A-9C72-D5FCFA7EF209}.Debug|Any CPU.Build.0 = Debug|Any CPU
		{4CD4DD21-0848-412A-9C72-D5FCFA7EF209}.Release|Any CPU.ActiveCfg = Release|Any CPU
		{4CD4DD21-0848-412A-9C72-D5FCFA7EF209}.Release|Any CPU.Build.0 = Release|Any CPU
		{053A62B1-5F29-4A83-80FD-968FD3A66588}.Debug|Any CPU.ActiveCfg = Debug|Any CPU
		{053A62B1-5F29-4A83-80FD-968FD3A66588}.Debug|Any CPU.Build.0 = Debug|Any CPU
		{053A62B1-5F29-4A83-80FD-968FD3A66588}.Release|Any CPU.ActiveCfg = Release|Any CPU
		{053A62B1-5F29-4A83-80FD-968FD3A66588}.Release|Any CPU.Build.0 = Release|Any CPU
		{F080F989-1A0A-4235-BFA7-434942ECBCED}.Debug|Any CPU.ActiveCfg = Debug|Any CPU
		{F080F989-1A0A-4235-BFA7-434942ECBCED}.Debug|Any CPU.Build.0 = Debug|Any CPU
		{F080F989-1A0A-4235-BFA7-434942ECBCED}.Release|Any CPU.ActiveCfg = Release|Any CPU
		{F080F989-1A0A-4235-BFA7-434942ECBCED}.Release|Any CPU.Build.0 = Release|Any CPU
		{50CE149A-C449-4023-9810-AF367D57E094}.Debug|Any CPU.ActiveCfg = Debug|Any CPU
		{50CE149A-C449-4023-9810-AF367D57E094}.Debug|Any CPU.Build.0 = Debug|Any CPU
		{50CE149A-C449-4023-9810-AF367D57E094}.Release|Any CPU.ActiveCfg = Release|Any CPU
		{50CE149A-C449-4023-9810-AF367D57E094}.Release|Any CPU.Build.0 = Release|Any CPU
		{40674A2E-3DC5-4B68-87EC-C5E558BD4B1B}.Debug|Any CPU.ActiveCfg = Debug|Any CPU
		{40674A2E-3DC5-4B68-87EC-C5E558BD4B1B}.Debug|Any CPU.Build.0 = Debug|Any CPU
		{40674A2E-3DC5-4B68-87EC-C5E558BD4B1B}.Release|Any CPU.ActiveCfg = Release|Any CPU
		{40674A2E-3DC5-4B68-87EC-C5E558BD4B1B}.Release|Any CPU.Build.0 = Release|Any CPU
		{4D990C4D-A8E3-4D42-8F0A-684701E776E3}.Debug|Any CPU.ActiveCfg = Debug|Any CPU
		{4D990C4D-A8E3-4D42-8F0A-684701E776E3}.Debug|Any CPU.Build.0 = Debug|Any CPU
		{4D990C4D-A8E3-4D42-8F0A-684701E776E3}.Release|Any CPU.ActiveCfg = Release|Any CPU
		{4D990C4D-A8E3-4D42-8F0A-684701E776E3}.Release|Any CPU.Build.0 = Release|Any CPU
		{80170A1E-FB29-44D2-A982-20F7BEB1E080}.Debug|Any CPU.ActiveCfg = Debug|Any CPU
		{80170A1E-FB29-44D2-A982-20F7BEB1E080}.Debug|Any CPU.Build.0 = Debug|Any CPU
		{80170A1E-FB29-44D2-A982-20F7BEB1E080}.Release|Any CPU.ActiveCfg = Release|Any CPU
		{80170A1E-FB29-44D2-A982-20F7BEB1E080}.Release|Any CPU.Build.0 = Release|Any CPU
		{920449ED-6AC2-4B46-88D1-55807215C28B}.Debug|Any CPU.ActiveCfg = Debug|Any CPU
		{920449ED-6AC2-4B46-88D1-55807215C28B}.Debug|Any CPU.Build.0 = Debug|Any CPU
		{920449ED-6AC2-4B46-88D1-55807215C28B}.Release|Any CPU.ActiveCfg = Release|Any CPU
		{920449ED-6AC2-4B46-88D1-55807215C28B}.Release|Any CPU.Build.0 = Release|Any CPU
		{858D6CC9-FF06-4A88-ADBA-4CDEE36394F1}.Debug|Any CPU.ActiveCfg = Debug|Any CPU
		{858D6CC9-FF06-4A88-ADBA-4CDEE36394F1}.Debug|Any CPU.Build.0 = Debug|Any CPU
		{858D6CC9-FF06-4A88-ADBA-4CDEE36394F1}.Release|Any CPU.ActiveCfg = Release|Any CPU
		{858D6CC9-FF06-4A88-ADBA-4CDEE36394F1}.Release|Any CPU.Build.0 = Release|Any CPU
		{433FFCEC-42BA-4D58-96E9-85EC985178D9}.Debug|Any CPU.ActiveCfg = Debug|Any CPU
		{433FFCEC-42BA-4D58-96E9-85EC985178D9}.Debug|Any CPU.Build.0 = Debug|Any CPU
		{433FFCEC-42BA-4D58-96E9-85EC985178D9}.Release|Any CPU.ActiveCfg = Release|Any CPU
		{433FFCEC-42BA-4D58-96E9-85EC985178D9}.Release|Any CPU.Build.0 = Release|Any CPU
	EndGlobalSection
	GlobalSection(SolutionProperties) = preSolution
		HideSolutionNode = FALSE
	EndGlobalSection
	GlobalSection(ExtensibilityGlobals) = postSolution
		SolutionGuid = {F290A4EA-0EA1-4A92-9D57-D052707E96B8}
	EndGlobalSection
EndGlobal
